// !$*UTF8*$!
{
	archiveVersion = 1;
	classes = {
	};
	objectVersion = 50;
	objects = {

/* Begin PBXBuildFile section */
		FB31A8F02220041B0008C358 /* AppDelegate.swift in Sources */ = {isa = PBXBuildFile; fileRef = FB31A8EF2220041B0008C358 /* AppDelegate.swift */; };
		FB31A8F22220041C0008C358 /* ViewController.swift in Sources */ = {isa = PBXBuildFile; fileRef = FB31A8F12220041C0008C358 /* ViewController.swift */; };
		FB31A8F52220041C0008C358 /* Main.storyboard in Resources */ = {isa = PBXBuildFile; fileRef = FB31A8F32220041C0008C358 /* Main.storyboard */; };
		FB31A8F72220041D0008C358 /* Assets.xcassets in Resources */ = {isa = PBXBuildFile; fileRef = FB31A8F62220041D0008C358 /* Assets.xcassets */; };
		FB31A8FA2220041D0008C358 /* LaunchScreen.storyboard in Resources */ = {isa = PBXBuildFile; fileRef = FB31A8F82220041D0008C358 /* LaunchScreen.storyboard */; };
		FB31A9052220041D0008C358 /* KotlinIOSTests.swift in Sources */ = {isa = PBXBuildFile; fileRef = FB31A9042220041D0008C358 /* KotlinIOSTests.swift */; };
		FB31A9102220041D0008C358 /* KotlinIOSUITests.swift in Sources */ = {isa = PBXBuildFile; fileRef = FB31A90F2220041D0008C358 /* KotlinIOSUITests.swift */; };
		FB31A91E2220058F0008C358 /* SharedCode.framework in Frameworks */ = {isa = PBXBuildFile; fileRef = FB31A91D2220058F0008C358 /* SharedCode.framework */; };
		FB31A91F2220058F0008C358 /* SharedCode.framework in Embed Frameworks */ = {isa = PBXBuildFile; fileRef = FB31A91D2220058F0008C358 /* SharedCode.framework */; settings = {ATTRIBUTES = (CodeSignOnCopy, RemoveHeadersOnCopy, ); }; };
/* End PBXBuildFile section */

/* Begin PBXContainerItemProxy section */
		FB31A9012220041D0008C358 /* PBXContainerItemProxy */ = {
			isa = PBXContainerItemProxy;
			containerPortal = FB31A8E42220041B0008C358 /* Project object */;
			proxyType = 1;
			remoteGlobalIDString = FB31A8EB2220041B0008C358;
			remoteInfo = KotlinIOS;
		};
		FB31A90C2220041D0008C358 /* PBXContainerItemProxy */ = {
			isa = PBXContainerItemProxy;
			containerPortal = FB31A8E42220041B0008C358 /* Project object */;
			proxyType = 1;
			remoteGlobalIDString = FB31A8EB2220041B0008C358;
			remoteInfo = KotlinIOS;
		};
/* End PBXContainerItemProxy section */

/* Begin PBXCopyFilesBuildPhase section */
		FB31A9202220058F0008C358 /* Embed Frameworks */ = {
			isa = PBXCopyFilesBuildPhase;
			buildActionMask = 2147483647;
			dstPath = "";
			dstSubfolderSpec = 10;
			files = (
				FB31A91F2220058F0008C358 /* SharedCode.framework in Embed Frameworks */,
			);
			name = "Embed Frameworks";
			runOnlyForDeploymentPostprocessing = 0;
		};
/* End PBXCopyFilesBuildPhase section */

/* Begin PBXFileReference section */
		FB31A8EC2220041B0008C358 /* KotlinIOS.app */ = {isa = PBXFileReference; explicitFileType = wrapper.application; includeInIndex = 0; path = KotlinIOS.app; sourceTree = BUILT_PRODUCTS_DIR; };
		FB31A8EF2220041B0008C358 /* AppDelegate.swift */ = {isa = PBXFileReference; lastKnownFileType = sourcecode.swift; path = AppDelegate.swift; sourceTree = "<group>"; };
		FB31A8F12220041C0008C358 /* ViewController.swift */ = {isa = PBXFileReference; lastKnownFileType = sourcecode.swift; path = ViewController.swift; sourceTree = "<group>"; };
		FB31A8F42220041C0008C358 /* Base */ = {isa = PBXFileReference; lastKnownFileType = file.storyboard; name = Base; path = Base.lproj/Main.storyboard; sourceTree = "<group>"; };
		FB31A8F62220041D0008C358 /* Assets.xcassets */ = {isa = PBXFileReference; lastKnownFileType = folder.assetcatalog; path = Assets.xcassets; sourceTree = "<group>"; };
		FB31A8F92220041D0008C358 /* Base */ = {isa = PBXFileReference; lastKnownFileType = file.storyboard; name = Base; path = Base.lproj/LaunchScreen.storyboard; sourceTree = "<group>"; };
		FB31A8FB2220041D0008C358 /* Info.plist */ = {isa = PBXFileReference; lastKnownFileType = text.plist.xml; path = Info.plist; sourceTree = "<group>"; };
		FB31A9002220041D0008C358 /* KotlinIOSTests.xctest */ = {isa = PBXFileReference; explicitFileType = wrapper.cfbundle; includeInIndex = 0; path = KotlinIOSTests.xctest; sourceTree = BUILT_PRODUCTS_DIR; };
		FB31A9042220041D0008C358 /* KotlinIOSTests.swift */ = {isa = PBXFileReference; lastKnownFileType = sourcecode.swift; path = KotlinIOSTests.swift; sourceTree = "<group>"; };
		FB31A9062220041D0008C358 /* Info.plist */ = {isa = PBXFileReference; lastKnownFileType = text.plist.xml; path = Info.plist; sourceTree = "<group>"; };
		FB31A90B2220041D0008C358 /* KotlinIOSUITests.xctest */ = {isa = PBXFileReference; explicitFileType = wrapper.cfbundle; includeInIndex = 0; path = KotlinIOSUITests.xctest; sourceTree = BUILT_PRODUCTS_DIR; };
		FB31A90F2220041D0008C358 /* KotlinIOSUITests.swift */ = {isa = PBXFileReference; lastKnownFileType = sourcecode.swift; path = KotlinIOSUITests.swift; sourceTree = "<group>"; };
		FB31A9112220041D0008C358 /* Info.plist */ = {isa = PBXFileReference; lastKnownFileType = text.plist.xml; path = Info.plist; sourceTree = "<group>"; };
		FB31A91D2220058F0008C358 /* SharedCode.framework */ = {isa = PBXFileReference; lastKnownFileType = wrapper.framework; name = SharedCode.framework; path = "../SharedCode/build/xcode-frameworks/SharedCode.framework"; sourceTree = "<group>"; };
/* End PBXFileReference section */

/* Begin PBXFrameworksBuildPhase section */
		FB31A8E92220041B0008C358 /* Frameworks */ = {
			isa = PBXFrameworksBuildPhase;
			buildActionMask = 2147483647;
			files = (
				FB31A91E2220058F0008C358 /* SharedCode.framework in Frameworks */,
			);
			runOnlyForDeploymentPostprocessing = 0;
		};
		FB31A8FD2220041D0008C358 /* Frameworks */ = {
			isa = PBXFrameworksBuildPhase;
			buildActionMask = 2147483647;
			files = (
			);
			runOnlyForDeploymentPostprocessing = 0;
		};
		FB31A9082220041D0008C358 /* Frameworks */ = {
			isa = PBXFrameworksBuildPhase;
			buildActionMask = 2147483647;
			files = (
			);
			runOnlyForDeploymentPostprocessing = 0;
		};
/* End PBXFrameworksBuildPhase section */

/* Begin PBXGroup section */
		FB31A8E32220041B0008C358 = {
			isa = PBXGroup;
			children = (
				FB31A91D2220058F0008C358 /* SharedCode.framework */,
				FB31A8EE2220041B0008C358 /* KotlinIOS */,
				FB31A9032220041D0008C358 /* KotlinIOSTests */,
				FB31A90E2220041D0008C358 /* KotlinIOSUITests */,
				FB31A8ED2220041B0008C358 /* Products */,
			);
			sourceTree = "<group>";
		};
		FB31A8ED2220041B0008C358 /* Products */ = {
			isa = PBXGroup;
			children = (
				FB31A8EC2220041B0008C358 /* KotlinIOS.app */,
				FB31A9002220041D0008C358 /* KotlinIOSTests.xctest */,
				FB31A90B2220041D0008C358 /* KotlinIOSUITests.xctest */,
			);
			name = Products;
			sourceTree = "<group>";
		};
		FB31A8EE2220041B0008C358 /* KotlinIOS */ = {
			isa = PBXGroup;
			children = (
				FB31A8EF2220041B0008C358 /* AppDelegate.swift */,
				FB31A8F12220041C0008C358 /* ViewController.swift */,
				FB31A8F32220041C0008C358 /* Main.storyboard */,
				FB31A8F62220041D0008C358 /* Assets.xcassets */,
				FB31A8F82220041D0008C358 /* LaunchScreen.storyboard */,
				FB31A8FB2220041D0008C358 /* Info.plist */,
			);
			path = KotlinIOS;
			sourceTree = "<group>";
		};
		FB31A9032220041D0008C358 /* KotlinIOSTests */ = {
			isa = PBXGroup;
			children = (
				FB31A9042220041D0008C358 /* KotlinIOSTests.swift */,
				FB31A9062220041D0008C358 /* Info.plist */,
			);
			path = KotlinIOSTests;
			sourceTree = "<group>";
		};
		FB31A90E2220041D0008C358 /* KotlinIOSUITests */ = {
			isa = PBXGroup;
			children = (
				FB31A90F2220041D0008C358 /* KotlinIOSUITests.swift */,
				FB31A9112220041D0008C358 /* Info.plist */,
			);
			path = KotlinIOSUITests;
			sourceTree = "<group>";
		};
/* End PBXGroup section */

/* Begin PBXNativeTarget section */
		FB31A8EB2220041B0008C358 /* KotlinIOS */ = {
			isa = PBXNativeTarget;
			buildConfigurationList = FB31A9142220041D0008C358 /* Build configuration list for PBXNativeTarget "KotlinIOS" */;
			buildPhases = (
				FB31A8E82220041B0008C358 /* Sources */,
				FB31A8E92220041B0008C358 /* Frameworks */,
				FB31A8EA2220041B0008C358 /* Resources */,
				FB31A9202220058F0008C358 /* Embed Frameworks */,
			);
			buildRules = (
			);
			dependencies = (
			);
			name = KotlinIOS;
			productName = KotlinIOS;
			productReference = FB31A8EC2220041B0008C358 /* KotlinIOS.app */;
			productType = "com.apple.product-type.application";
		};
		FB31A8FF2220041D0008C358 /* KotlinIOSTests */ = {
			isa = PBXNativeTarget;
			buildConfigurationList = FB31A9172220041D0008C358 /* Build configuration list for PBXNativeTarget "KotlinIOSTests" */;
			buildPhases = (
				FB31A8FC2220041D0008C358 /* Sources */,
				FB31A8FD2220041D0008C358 /* Frameworks */,
				FB31A8FE2220041D0008C358 /* Resources */,
			);
			buildRules = (
			);
			dependencies = (
				FB31A9022220041D0008C358 /* PBXTargetDependency */,
			);
			name = KotlinIOSTests;
			productName = KotlinIOSTests;
			productReference = FB31A9002220041D0008C358 /* KotlinIOSTests.xctest */;
			productType = "com.apple.product-type.bundle.unit-test";
		};
		FB31A90A2220041D0008C358 /* KotlinIOSUITests */ = {
			isa = PBXNativeTarget;
			buildConfigurationList = FB31A91A2220041D0008C358 /* Build configuration list for PBXNativeTarget "KotlinIOSUITests" */;
			buildPhases = (
				FB31A9072220041D0008C358 /* Sources */,
				FB31A9082220041D0008C358 /* Frameworks */,
				FB31A9092220041D0008C358 /* Resources */,
			);
			buildRules = (
			);
			dependencies = (
				FB31A90D2220041D0008C358 /* PBXTargetDependency */,
			);
			name = KotlinIOSUITests;
			productName = KotlinIOSUITests;
			productReference = FB31A90B2220041D0008C358 /* KotlinIOSUITests.xctest */;
			productType = "com.apple.product-type.bundle.ui-testing";
		};
/* End PBXNativeTarget section */

/* Begin PBXProject section */
		FB31A8E42220041B0008C358 /* Project object */ = {
			isa = PBXProject;
			attributes = {
				LastSwiftUpdateCheck = 0940;
				LastUpgradeCheck = 0940;
				ORGANIZATIONNAME = crux;
				TargetAttributes = {
					FB31A8EB2220041B0008C358 = {
						CreatedOnToolsVersion = 9.4.1;
					};
					FB31A8FF2220041D0008C358 = {
						CreatedOnToolsVersion = 9.4.1;
						TestTargetID = FB31A8EB2220041B0008C358;
					};
					FB31A90A2220041D0008C358 = {
						CreatedOnToolsVersion = 9.4.1;
						TestTargetID = FB31A8EB2220041B0008C358;
					};
				};
			};
			buildConfigurationList = FB31A8E72220041B0008C358 /* Build configuration list for PBXProject "KotlinIOS" */;
			compatibilityVersion = "Xcode 9.3";
			developmentRegion = en;
			hasScannedForEncodings = 0;
			knownRegions = (
				en,
				Base,
			);
			mainGroup = FB31A8E32220041B0008C358;
			productRefGroup = FB31A8ED2220041B0008C358 /* Products */;
			projectDirPath = "";
			projectRoot = "";
			targets = (
				FB31A8EB2220041B0008C358 /* KotlinIOS */,
				FB31A8FF2220041D0008C358 /* KotlinIOSTests */,
				FB31A90A2220041D0008C358 /* KotlinIOSUITests */,
			);
		};
/* End PBXProject section */

/* Begin PBXResourcesBuildPhase section */
		FB31A8EA2220041B0008C358 /* Resources */ = {
			isa = PBXResourcesBuildPhase;
			buildActionMask = 2147483647;
			files = (
				FB31A8FA2220041D0008C358 /* LaunchScreen.storyboard in Resources */,
				FB31A8F72220041D0008C358 /* Assets.xcassets in Resources */,
				FB31A8F52220041C0008C358 /* Main.storyboard in Resources */,
			);
			runOnlyForDeploymentPostprocessing = 0;
		};
		FB31A8FE2220041D0008C358 /* Resources */ = {
			isa = PBXResourcesBuildPhase;
			buildActionMask = 2147483647;
			files = (
			);
			runOnlyForDeploymentPostprocessing = 0;
		};
		FB31A9092220041D0008C358 /* Resources */ = {
			isa = PBXResourcesBuildPhase;
			buildActionMask = 2147483647;
			files = (
			);
			runOnlyForDeploymentPostprocessing = 0;
		};
/* End PBXResourcesBuildPhase section */

/* Begin PBXSourcesBuildPhase section */
		FB31A8E82220041B0008C358 /* Sources */ = {
			isa = PBXSourcesBuildPhase;
			buildActionMask = 2147483647;
			files = (
				FB31A8F22220041C0008C358 /* ViewController.swift in Sources */,
				FB31A8F02220041B0008C358 /* AppDelegate.swift in Sources */,
			);
			runOnlyForDeploymentPostprocessing = 0;
		};
		FB31A8FC2220041D0008C358 /* Sources */ = {
			isa = PBXSourcesBuildPhase;
			buildActionMask = 2147483647;
			files = (
				FB31A9052220041D0008C358 /* KotlinIOSTests.swift in Sources */,
			);
			runOnlyForDeploymentPostprocessing = 0;
		};
		FB31A9072220041D0008C358 /* Sources */ = {
			isa = PBXSourcesBuildPhase;
			buildActionMask = 2147483647;
			files = (
				FB31A9102220041D0008C358 /* KotlinIOSUITests.swift in Sources */,
			);
			runOnlyForDeploymentPostprocessing = 0;
		};
/* End PBXSourcesBuildPhase section */

/* Begin PBXTargetDependency section */
		FB31A9022220041D0008C358 /* PBXTargetDependency */ = {
			isa = PBXTargetDependency;
			target = FB31A8EB2220041B0008C358 /* KotlinIOS */;
			targetProxy = FB31A9012220041D0008C358 /* PBXContainerItemProxy */;
		};
		FB31A90D2220041D0008C358 /* PBXTargetDependency */ = {
			isa = PBXTargetDependency;
			target = FB31A8EB2220041B0008C358 /* KotlinIOS */;
			targetProxy = FB31A90C2220041D0008C358 /* PBXContainerItemProxy */;
		};
/* End PBXTargetDependency section */

/* Begin PBXVariantGroup section */
		FB31A8F32220041C0008C358 /* Main.storyboard */ = {
			isa = PBXVariantGroup;
			children = (
				FB31A8F42220041C0008C358 /* Base */,
			);
			name = Main.storyboard;
			sourceTree = "<group>";
		};
		FB31A8F82220041D0008C358 /* LaunchScreen.storyboard */ = {
			isa = PBXVariantGroup;
			children = (
				FB31A8F92220041D0008C358 /* Base */,
			);
			name = LaunchScreen.storyboard;
			sourceTree = "<group>";
		};
/* End PBXVariantGroup section */

/* Begin XCBuildConfiguration section */
		FB31A9122220041D0008C358 /* Debug */ = {
			isa = XCBuildConfiguration;
			buildSettings = {
				ALWAYS_SEARCH_USER_PATHS = NO;
				CLANG_ANALYZER_NONNULL = YES;
				CLANG_ANALYZER_NUMBER_OBJECT_CONVERSION = YES_AGGRESSIVE;
				CLANG_CXX_LANGUAGE_STANDARD = "gnu++14";
				CLANG_CXX_LIBRARY = "libc++";
				CLANG_ENABLE_MODULES = YES;
				CLANG_ENABLE_OBJC_ARC = YES;
				CLANG_ENABLE_OBJC_WEAK = YES;
				CLANG_WARN_BLOCK_CAPTURE_AUTORELEASING = YES;
				CLANG_WARN_BOOL_CONVERSION = YES;
				CLANG_WARN_COMMA = YES;
				CLANG_WARN_CONSTANT_CONVERSION = YES;
				CLANG_WARN_DEPRECATED_OBJC_IMPLEMENTATIONS = YES;
				CLANG_WARN_DIRECT_OBJC_ISA_USAGE = YES_ERROR;
				CLANG_WARN_DOCUMENTATION_COMMENTS = YES;
				CLANG_WARN_EMPTY_BODY = YES;
				CLANG_WARN_ENUM_CONVERSION = YES;
				CLANG_WARN_INFINITE_RECURSION = YES;
				CLANG_WARN_INT_CONVERSION = YES;
				CLANG_WARN_NON_LITERAL_NULL_CONVERSION = YES;
				CLANG_WARN_OBJC_IMPLICIT_RETAIN_SELF = YES;
				CLANG_WARN_OBJC_LITERAL_CONVERSION = YES;
				CLANG_WARN_OBJC_ROOT_CLASS = YES_ERROR;
				CLANG_WARN_RANGE_LOOP_ANALYSIS = YES;
				CLANG_WARN_STRICT_PROTOTYPES = YES;
				CLANG_WARN_SUSPICIOUS_MOVE = YES;
				CLANG_WARN_UNGUARDED_AVAILABILITY = YES_AGGRESSIVE;
				CLANG_WARN_UNREACHABLE_CODE = YES;
				CLANG_WARN__DUPLICATE_METHOD_MATCH = YES;
				CODE_SIGN_IDENTITY = "iPhone Developer";
				COPY_PHASE_STRIP = NO;
				DEBUG_INFORMATION_FORMAT = dwarf;
				ENABLE_STRICT_OBJC_MSGSEND = YES;
				ENABLE_TESTABILITY = YES;
				GCC_C_LANGUAGE_STANDARD = gnu11;
				GCC_DYNAMIC_NO_PIC = NO;
				GCC_NO_COMMON_BLOCKS = YES;
				GCC_OPTIMIZATION_LEVEL = 0;
				GCC_PREPROCESSOR_DEFINITIONS = (
					"DEBUG=1",
					"$(inherited)",
				);
				GCC_WARN_64_TO_32_BIT_CONVERSION = YES;
				GCC_WARN_ABOUT_RETURN_TYPE = YES_ERROR;
				GCC_WARN_UNDECLARED_SELECTOR = YES;
				GCC_WARN_UNINITIALIZED_AUTOS = YES_AGGRESSIVE;
				GCC_WARN_UNUSED_FUNCTION = YES;
				GCC_WARN_UNUSED_VARIABLE = YES;
				IPHONEOS_DEPLOYMENT_TARGET = 11.4;
				MTL_ENABLE_DEBUG_INFO = YES;
				ONLY_ACTIVE_ARCH = YES;
				SDKROOT = iphoneos;
				SWIFT_ACTIVE_COMPILATION_CONDITIONS = DEBUG;
				SWIFT_OPTIMIZATION_LEVEL = "-Onone";
			};
			name = Debug;
		};
		FB31A9132220041D0008C358 /* Release */ = {
			isa = XCBuildConfiguration;
			buildSettings = {
				ALWAYS_SEARCH_USER_PATHS = NO;
				CLANG_ANALYZER_NONNULL = YES;
				CLANG_ANALYZER_NUMBER_OBJECT_CONVERSION = YES_AGGRESSIVE;
				CLANG_CXX_LANGUAGE_STANDARD = "gnu++14";
				CLANG_CXX_LIBRARY = "libc++";
				CLANG_ENABLE_MODULES = YES;
				CLANG_ENABLE_OBJC_ARC = YES;
				CLANG_ENABLE_OBJC_WEAK = YES;
				CLANG_WARN_BLOCK_CAPTURE_AUTORELEASING = YES;
				CLANG_WARN_BOOL_CONVERSION = YES;
				CLANG_WARN_COMMA = YES;
				CLANG_WARN_CONSTANT_CONVERSION = YES;
				CLANG_WARN_DEPRECATED_OBJC_IMPLEMENTATIONS = YES;
				CLANG_WARN_DIRECT_OBJC_ISA_USAGE = YES_ERROR;
				CLANG_WARN_DOCUMENTATION_COMMENTS = YES;
				CLANG_WARN_EMPTY_BODY = YES;
				CLANG_WARN_ENUM_CONVERSION = YES;
				CLANG_WARN_INFINITE_RECURSION = YES;
				CLANG_WARN_INT_CONVERSION = YES;
				CLANG_WARN_NON_LITERAL_NULL_CONVERSION = YES;
				CLANG_WARN_OBJC_IMPLICIT_RETAIN_SELF = YES;
				CLANG_WARN_OBJC_LITERAL_CONVERSION = YES;
				CLANG_WARN_OBJC_ROOT_CLASS = YES_ERROR;
				CLANG_WARN_RANGE_LOOP_ANALYSIS = YES;
				CLANG_WARN_STRICT_PROTOTYPES = YES;
				CLANG_WARN_SUSPICIOUS_MOVE = YES;
				CLANG_WARN_UNGUARDED_AVAILABILITY = YES_AGGRESSIVE;
				CLANG_WARN_UNREACHABLE_CODE = YES;
				CLANG_WARN__DUPLICATE_METHOD_MATCH = YES;
				CODE_SIGN_IDENTITY = "iPhone Developer";
				COPY_PHASE_STRIP = NO;
				DEBUG_INFORMATION_FORMAT = "dwarf-with-dsym";
				ENABLE_NS_ASSERTIONS = NO;
				ENABLE_STRICT_OBJC_MSGSEND = YES;
				GCC_C_LANGUAGE_STANDARD = gnu11;
				GCC_NO_COMMON_BLOCKS = YES;
				GCC_WARN_64_TO_32_BIT_CONVERSION = YES;
				GCC_WARN_ABOUT_RETURN_TYPE = YES_ERROR;
				GCC_WARN_UNDECLARED_SELECTOR = YES;
				GCC_WARN_UNINITIALIZED_AUTOS = YES_AGGRESSIVE;
				GCC_WARN_UNUSED_FUNCTION = YES;
				GCC_WARN_UNUSED_VARIABLE = YES;
				IPHONEOS_DEPLOYMENT_TARGET = 11.4;
				MTL_ENABLE_DEBUG_INFO = NO;
				SDKROOT = iphoneos;
				SWIFT_COMPILATION_MODE = wholemodule;
				SWIFT_OPTIMIZATION_LEVEL = "-O";
				VALIDATE_PRODUCT = YES;
			};
			name = Release;
		};
		FB31A9152220041D0008C358 /* Debug */ = {
			isa = XCBuildConfiguration;
			buildSettings = {
				ASSETCATALOG_COMPILER_APPICON_NAME = AppIcon;
				CODE_SIGN_STYLE = Automatic;
				FRAMEWORK_SEARCH_PATHS = "/Users/crux/Templates/my-kotlin-native/SharedCode/build/xcode-frameworks";
				INFOPLIST_FILE = KotlinIOS/Info.plist;
				LD_RUNPATH_SEARCH_PATHS = (
					"$(inherited)",
					"@executable_path/Frameworks",
				);
				PRODUCT_BUNDLE_IDENTIFIER = org.KotlinIOS;
				PRODUCT_NAME = "$(TARGET_NAME)";
				SWIFT_VERSION = 4.0;
				TARGETED_DEVICE_FAMILY = "1,2";
			};
			name = Debug;
		};
		FB31A9162220041D0008C358 /* Release */ = {
			isa = XCBuildConfiguration;
			buildSettings = {
				ASSETCATALOG_COMPILER_APPICON_NAME = AppIcon;
				CODE_SIGN_STYLE = Automatic;
				FRAMEWORK_SEARCH_PATHS = "/Users/crux/Templates/my-kotlin-native/SharedCode/build/xcode-frameworks";
				INFOPLIST_FILE = KotlinIOS/Info.plist;
				LD_RUNPATH_SEARCH_PATHS = (
					"$(inherited)",
					"@executable_path/Frameworks",
				);
				PRODUCT_BUNDLE_IDENTIFIER = org.KotlinIOS;
				PRODUCT_NAME = "$(TARGET_NAME)";
				SWIFT_VERSION = 4.0;
				TARGETED_DEVICE_FAMILY = "1,2";
			};
			name = Release;
		};
		FB31A9182220041D0008C358 /* Debug */ = {
			isa = XCBuildConfiguration;
			buildSettings = {
				ALWAYS_EMBED_SWIFT_STANDARD_LIBRARIES = YES;
				BUNDLE_LOADER = "$(TEST_HOST)";
				CODE_SIGN_STYLE = Automatic;
				INFOPLIST_FILE = KotlinIOSTests/Info.plist;
				LD_RUNPATH_SEARCH_PATHS = (
					"$(inherited)",
					"@executable_path/Frameworks",
					"@loader_path/Frameworks",
				);
				PRODUCT_BUNDLE_IDENTIFIER = org.KotlinIOSTests;
				PRODUCT_NAME = "$(TARGET_NAME)";
				SWIFT_VERSION = 4.0;
				TARGETED_DEVICE_FAMILY = "1,2";
				TEST_HOST = "$(BUILT_PRODUCTS_DIR)/KotlinIOS.app/KotlinIOS";
			};
			name = Debug;
		};
		FB31A9192220041D0008C358 /* Release */ = {
			isa = XCBuildConfiguration;
			buildSettings = {
				ALWAYS_EMBED_SWIFT_STANDARD_LIBRARIES = YES;
				BUNDLE_LOADER = "$(TEST_HOST)";
				CODE_SIGN_STYLE = Automatic;
				INFOPLIST_FILE = KotlinIOSTests/Info.plist;
				LD_RUNPATH_SEARCH_PATHS = (
					"$(inherited)",
					"@executable_path/Frameworks",
					"@loader_path/Frameworks",
				);
				PRODUCT_BUNDLE_IDENTIFIER = org.KotlinIOSTests;
				PRODUCT_NAME = "$(TARGET_NAME)";
				SWIFT_VERSION = 4.0;
				TARGETED_DEVICE_FAMILY = "1,2";
				TEST_HOST = "$(BUILT_PRODUCTS_DIR)/KotlinIOS.app/KotlinIOS";
			};
			name = Release;
		};
		FB31A91B2220041D0008C358 /* Debug */ = {
			isa = XCBuildConfiguration;
			buildSettings = {
				ALWAYS_EMBED_SWIFT_STANDARD_LIBRARIES = YES;
				CODE_SIGN_STYLE = Automatic;
				INFOPLIST_FILE = KotlinIOSUITests/Info.plist;
				LD_RUNPATH_SEARCH_PATHS = (
					"$(inherited)",
					"@executable_path/Frameworks",
					"@loader_path/Frameworks",
				);
				PRODUCT_BUNDLE_IDENTIFIER = org.KotlinIOSUITests;
				PRODUCT_NAME = "$(TARGET_NAME)";
				SWIFT_VERSION = 4.0;
				TARGETED_DEVICE_FAMILY = "1,2";
				TEST_TARGET_NAME = KotlinIOS;
			};
			name = Debug;
		};
		FB31A91C2220041D0008C358 /* Release */ = {
			isa = XCBuildConfiguration;
			buildSettings = {
				ALWAYS_EMBED_SWIFT_STANDARD_LIBRARIES = YES;
				CODE_SIGN_STYLE = Automatic;
				INFOPLIST_FILE = KotlinIOSUITests/Info.plist;
				LD_RUNPATH_SEARCH_PATHS = (
					"$(inherited)",
					"@executable_path/Frameworks",
					"@loader_path/Frameworks",
				);
				PRODUCT_BUNDLE_IDENTIFIER = org.KotlinIOSUITests;
				PRODUCT_NAME = "$(TARGET_NAME)";
				SWIFT_VERSION = 4.0;
				TARGETED_DEVICE_FAMILY = "1,2";
				TEST_TARGET_NAME = KotlinIOS;
			};
			name = Release;
		};
/* End XCBuildConfiguration section */

/* Begin XCConfigurationList section */
		FB31A8E72220041B0008C358 /* Build configuration list for PBXProject "KotlinIOS" */ = {
			isa = XCConfigurationList;
			buildConfigurations = (
				FB31A9122220041D0008C358 /* Debug */,
				FB31A9132220041D0008C358 /* Release */,
			);
			defaultConfigurationIsVisible = 0;
			defaultConfigurationName = Release;
		};
		FB31A9142220041D0008C358 /* Build configuration list for PBXNativeTarget "KotlinIOS" */ = {
			isa = XCConfigurationList;
			buildConfigurations = (
				FB31A9152220041D0008C358 /* Debug */,
				FB31A9162220041D0008C358 /* Release */,
			);
			defaultConfigurationIsVisible = 0;
			defaultConfigurationName = Release;
		};
		FB31A9172220041D0008C358 /* Build configuration list for PBXNativeTarget "KotlinIOSTests" */ = {
			isa = XCConfigurationList;
			buildConfigurations = (
				FB31A9182220041D0008C358 /* Debug */,
				FB31A9192220041D0008C358 /* Release */,
			);
			defaultConfigurationIsVisible = 0;
			defaultConfigurationName = Release;
		};
		FB31A91A2220041D0008C358 /* Build configuration list for PBXNativeTarget "KotlinIOSUITests" */ = {
			isa = XCConfigurationList;
			buildConfigurations = (
				FB31A91B2220041D0008C358 /* Debug */,
				FB31A91C2220041D0008C358 /* Release */,
			);
			defaultConfigurationIsVisible = 0;
			defaultConfigurationName = Release;
		};
/* End XCConfigurationList section */
	};
	rootObject = FB31A8E42220041B0008C358 /* Project object */;
}
