// !$*UTF8*$!
{
	archiveVersion = 1;
	classes = {
	};
	objectVersion = 50;
	objects = {

/* Begin PBXBuildFile section */
		FBE8EEEE22B5225C004177C1 /* AppDelegate.swift in Sources */ = {isa = PBXBuildFile; fileRef = FBE8EEED22B5225C004177C1 /* AppDelegate.swift */; };
		FBE8EEF022B5225C004177C1 /* ViewController.swift in Sources */ = {isa = PBXBuildFile; fileRef = FBE8EEEF22B5225C004177C1 /* ViewController.swift */; };
		FBE8EEF222B5225D004177C1 /* Assets.xcassets in Resources */ = {isa = PBXBuildFile; fileRef = FBE8EEF122B5225D004177C1 /* Assets.xcassets */; };
		FBE8EEF522B5225D004177C1 /* Main.storyboard in Resources */ = {isa = PBXBuildFile; fileRef = FBE8EEF322B5225D004177C1 /* Main.storyboard */; };
		FBE8EF0122B5225D004177C1 /* my_mac_osTests.swift in Sources */ = {isa = PBXBuildFile; fileRef = FBE8EF0022B5225D004177C1 /* my_mac_osTests.swift */; };
		FBE8EF0C22B5225D004177C1 /* my_mac_osUITests.swift in Sources */ = {isa = PBXBuildFile; fileRef = FBE8EF0B22B5225D004177C1 /* my_mac_osUITests.swift */; };
/* End PBXBuildFile section */

/* Begin PBXContainerItemProxy section */
		FBE8EEFD22B5225D004177C1 /* PBXContainerItemProxy */ = {
			isa = PBXContainerItemProxy;
			containerPortal = FBE8EEE222B5225C004177C1 /* Project object */;
			proxyType = 1;
			remoteGlobalIDString = FBE8EEE922B5225C004177C1;
			remoteInfo = "my-mac-os";
		};
		FBE8EF0822B5225D004177C1 /* PBXContainerItemProxy */ = {
			isa = PBXContainerItemProxy;
			containerPortal = FBE8EEE222B5225C004177C1 /* Project object */;
			proxyType = 1;
			remoteGlobalIDString = FBE8EEE922B5225C004177C1;
			remoteInfo = "my-mac-os";
		};
/* End PBXContainerItemProxy section */

/* Begin PBXFileReference section */
		FBE8EEEA22B5225C004177C1 /* my-mac-os.app */ = {isa = PBXFileReference; explicitFileType = wrapper.application; includeInIndex = 0; path = "my-mac-os.app"; sourceTree = BUILT_PRODUCTS_DIR; };
		FBE8EEED22B5225C004177C1 /* AppDelegate.swift */ = {isa = PBXFileReference; lastKnownFileType = sourcecode.swift; path = AppDelegate.swift; sourceTree = "<group>"; };
		FBE8EEEF22B5225C004177C1 /* ViewController.swift */ = {isa = PBXFileReference; lastKnownFileType = sourcecode.swift; path = ViewController.swift; sourceTree = "<group>"; };
		FBE8EEF122B5225D004177C1 /* Assets.xcassets */ = {isa = PBXFileReference; lastKnownFileType = folder.assetcatalog; path = Assets.xcassets; sourceTree = "<group>"; };
		FBE8EEF422B5225D004177C1 /* Base */ = {isa = PBXFileReference; lastKnownFileType = file.storyboard; name = Base; path = Base.lproj/Main.storyboard; sourceTree = "<group>"; };
		FBE8EEF622B5225D004177C1 /* Info.plist */ = {isa = PBXFileReference; lastKnownFileType = text.plist.xml; path = Info.plist; sourceTree = "<group>"; };
		FBE8EEF722B5225D004177C1 /* my_mac_os.entitlements */ = {isa = PBXFileReference; lastKnownFileType = text.plist.entitlements; path = my_mac_os.entitlements; sourceTree = "<group>"; };
		FBE8EEFC22B5225D004177C1 /* my-mac-osTests.xctest */ = {isa = PBXFileReference; explicitFileType = wrapper.cfbundle; includeInIndex = 0; path = "my-mac-osTests.xctest"; sourceTree = BUILT_PRODUCTS_DIR; };
		FBE8EF0022B5225D004177C1 /* my_mac_osTests.swift */ = {isa = PBXFileReference; lastKnownFileType = sourcecode.swift; path = my_mac_osTests.swift; sourceTree = "<group>"; };
		FBE8EF0222B5225D004177C1 /* Info.plist */ = {isa = PBXFileReference; lastKnownFileType = text.plist.xml; path = Info.plist; sourceTree = "<group>"; };
		FBE8EF0722B5225D004177C1 /* my-mac-osUITests.xctest */ = {isa = PBXFileReference; explicitFileType = wrapper.cfbundle; includeInIndex = 0; path = "my-mac-osUITests.xctest"; sourceTree = BUILT_PRODUCTS_DIR; };
		FBE8EF0B22B5225D004177C1 /* my_mac_osUITests.swift */ = {isa = PBXFileReference; lastKnownFileType = sourcecode.swift; path = my_mac_osUITests.swift; sourceTree = "<group>"; };
		FBE8EF0D22B5225D004177C1 /* Info.plist */ = {isa = PBXFileReference; lastKnownFileType = text.plist.xml; path = Info.plist; sourceTree = "<group>"; };
/* End PBXFileReference section */

/* Begin PBXFrameworksBuildPhase section */
		FBE8EEE722B5225C004177C1 /* Frameworks */ = {
			isa = PBXFrameworksBuildPhase;
			buildActionMask = 2147483647;
			files = (
			);
			runOnlyForDeploymentPostprocessing = 0;
		};
		FBE8EEF922B5225D004177C1 /* Frameworks */ = {
			isa = PBXFrameworksBuildPhase;
			buildActionMask = 2147483647;
			files = (
			);
			runOnlyForDeploymentPostprocessing = 0;
		};
		FBE8EF0422B5225D004177C1 /* Frameworks */ = {
			isa = PBXFrameworksBuildPhase;
			buildActionMask = 2147483647;
			files = (
			);
			runOnlyForDeploymentPostprocessing = 0;
		};
/* End PBXFrameworksBuildPhase section */

/* Begin PBXGroup section */
		FBE8EEE122B5225C004177C1 = {
			isa = PBXGroup;
			children = (
				FBE8EEEC22B5225C004177C1 /* my-mac-os */,
				FBE8EEFF22B5225D004177C1 /* my-mac-osTests */,
				FBE8EF0A22B5225D004177C1 /* my-mac-osUITests */,
				FBE8EEEB22B5225C004177C1 /* Products */,
			);
			sourceTree = "<group>";
		};
		FBE8EEEB22B5225C004177C1 /* Products */ = {
			isa = PBXGroup;
			children = (
				FBE8EEEA22B5225C004177C1 /* my-mac-os.app */,
				FBE8EEFC22B5225D004177C1 /* my-mac-osTests.xctest */,
				FBE8EF0722B5225D004177C1 /* my-mac-osUITests.xctest */,
			);
			name = Products;
			sourceTree = "<group>";
		};
		FBE8EEEC22B5225C004177C1 /* my-mac-os */ = {
			isa = PBXGroup;
			children = (
				FBE8EEED22B5225C004177C1 /* AppDelegate.swift */,
				FBE8EEEF22B5225C004177C1 /* ViewController.swift */,
				FBE8EEF122B5225D004177C1 /* Assets.xcassets */,
				FBE8EEF322B5225D004177C1 /* Main.storyboard */,
				FBE8EEF622B5225D004177C1 /* Info.plist */,
				FBE8EEF722B5225D004177C1 /* my_mac_os.entitlements */,
			);
			path = "my-mac-os";
			sourceTree = "<group>";
		};
		FBE8EEFF22B5225D004177C1 /* my-mac-osTests */ = {
			isa = PBXGroup;
			children = (
				FBE8EF0022B5225D004177C1 /* my_mac_osTests.swift */,
				FBE8EF0222B5225D004177C1 /* Info.plist */,
			);
			path = "my-mac-osTests";
			sourceTree = "<group>";
		};
		FBE8EF0A22B5225D004177C1 /* my-mac-osUITests */ = {
			isa = PBXGroup;
			children = (
				FBE8EF0B22B5225D004177C1 /* my_mac_osUITests.swift */,
				FBE8EF0D22B5225D004177C1 /* Info.plist */,
			);
			path = "my-mac-osUITests";
			sourceTree = "<group>";
		};
/* End PBXGroup section */

/* Begin PBXNativeTarget section */
		FBE8EEE922B5225C004177C1 /* my-mac-os */ = {
			isa = PBXNativeTarget;
			buildConfigurationList = FBE8EF1022B5225E004177C1 /* Build configuration list for PBXNativeTarget "my-mac-os" */;
			buildPhases = (
				FBE8EEE622B5225C004177C1 /* Sources */,
				FBE8EEE722B5225C004177C1 /* Frameworks */,
				FBE8EEE822B5225C004177C1 /* Resources */,
			);
			buildRules = (
			);
			dependencies = (
			);
			name = "my-mac-os";
			productName = "my-mac-os";
			productReference = FBE8EEEA22B5225C004177C1 /* my-mac-os.app */;
			productType = "com.apple.product-type.application";
		};
		FBE8EEFB22B5225D004177C1 /* my-mac-osTests */ = {
			isa = PBXNativeTarget;
			buildConfigurationList = FBE8EF1322B5225E004177C1 /* Build configuration list for PBXNativeTarget "my-mac-osTests" */;
			buildPhases = (
				FBE8EEF822B5225D004177C1 /* Sources */,
				FBE8EEF922B5225D004177C1 /* Frameworks */,
				FBE8EEFA22B5225D004177C1 /* Resources */,
			);
			buildRules = (
			);
			dependencies = (
				FBE8EEFE22B5225D004177C1 /* PBXTargetDependency */,
			);
			name = "my-mac-osTests";
			productName = "my-mac-osTests";
			productReference = FBE8EEFC22B5225D004177C1 /* my-mac-osTests.xctest */;
			productType = "com.apple.product-type.bundle.unit-test";
		};
		FBE8EF0622B5225D004177C1 /* my-mac-osUITests */ = {
			isa = PBXNativeTarget;
			buildConfigurationList = FBE8EF1622B5225E004177C1 /* Build configuration list for PBXNativeTarget "my-mac-osUITests" */;
			buildPhases = (
				FBE8EF0322B5225D004177C1 /* Sources */,
				FBE8EF0422B5225D004177C1 /* Frameworks */,
				FBE8EF0522B5225D004177C1 /* Resources */,
			);
			buildRules = (
			);
			dependencies = (
				FBE8EF0922B5225D004177C1 /* PBXTargetDependency */,
			);
			name = "my-mac-osUITests";
			productName = "my-mac-osUITests";
			productReference = FBE8EF0722B5225D004177C1 /* my-mac-osUITests.xctest */;
			productType = "com.apple.product-type.bundle.ui-testing";
		};
/* End PBXNativeTarget section */

/* Begin PBXProject section */
		FBE8EEE222B5225C004177C1 /* Project object */ = {
			isa = PBXProject;
			attributes = {
				LastSwiftUpdateCheck = 0940;
				LastUpgradeCheck = 0940;
				ORGANIZATIONNAME = crux;
				TargetAttributes = {
					FBE8EEE922B5225C004177C1 = {
						CreatedOnToolsVersion = 9.4.1;
					};
					FBE8EEFB22B5225D004177C1 = {
						CreatedOnToolsVersion = 9.4.1;
						TestTargetID = FBE8EEE922B5225C004177C1;
					};
					FBE8EF0622B5225D004177C1 = {
						CreatedOnToolsVersion = 9.4.1;
						TestTargetID = FBE8EEE922B5225C004177C1;
					};
				};
			};
			buildConfigurationList = FBE8EEE522B5225C004177C1 /* Build configuration list for PBXProject "my-mac-os" */;
			compatibilityVersion = "Xcode 9.3";
			developmentRegion = en;
			hasScannedForEncodings = 0;
			knownRegions = (
				en,
				Base,
			);
			mainGroup = FBE8EEE122B5225C004177C1;
			productRefGroup = FBE8EEEB22B5225C004177C1 /* Products */;
			projectDirPath = "";
			projectRoot = "";
			targets = (
				FBE8EEE922B5225C004177C1 /* my-mac-os */,
				FBE8EEFB22B5225D004177C1 /* my-mac-osTests */,
				FBE8EF0622B5225D004177C1 /* my-mac-osUITests */,
			);
		};
/* End PBXProject section */

/* Begin PBXResourcesBuildPhase section */
		FBE8EEE822B5225C004177C1 /* Resources */ = {
			isa = PBXResourcesBuildPhase;
			buildActionMask = 2147483647;
			files = (
				FBE8EEF222B5225D004177C1 /* Assets.xcassets in Resources */,
				FBE8EEF522B5225D004177C1 /* Main.storyboard in Resources */,
			);
			runOnlyForDeploymentPostprocessing = 0;
		};
		FBE8EEFA22B5225D004177C1 /* Resources */ = {
			isa = PBXResourcesBuildPhase;
			buildActionMask = 2147483647;
			files = (
			);
			runOnlyForDeploymentPostprocessing = 0;
		};
		FBE8EF0522B5225D004177C1 /* Resources */ = {
			isa = PBXResourcesBuildPhase;
			buildActionMask = 2147483647;
			files = (
			);
			runOnlyForDeploymentPostprocessing = 0;
		};
/* End PBXResourcesBuildPhase section */

/* Begin PBXSourcesBuildPhase section */
		FBE8EEE622B5225C004177C1 /* Sources */ = {
			isa = PBXSourcesBuildPhase;
			buildActionMask = 2147483647;
			files = (
				FBE8EEF022B5225C004177C1 /* ViewController.swift in Sources */,
				FBE8EEEE22B5225C004177C1 /* AppDelegate.swift in Sources */,
			);
			runOnlyForDeploymentPostprocessing = 0;
		};
		FBE8EEF822B5225D004177C1 /* Sources */ = {
			isa = PBXSourcesBuildPhase;
			buildActionMask = 2147483647;
			files = (
				FBE8EF0122B5225D004177C1 /* my_mac_osTests.swift in Sources */,
			);
			runOnlyForDeploymentPostprocessing = 0;
		};
		FBE8EF0322B5225D004177C1 /* Sources */ = {
			isa = PBXSourcesBuildPhase;
			buildActionMask = 2147483647;
			files = (
				FBE8EF0C22B5225D004177C1 /* my_mac_osUITests.swift in Sources */,
			);
			runOnlyForDeploymentPostprocessing = 0;
		};
/* End PBXSourcesBuildPhase section */

/* Begin PBXTargetDependency section */
		FBE8EEFE22B5225D004177C1 /* PBXTargetDependency */ = {
			isa = PBXTargetDependency;
			target = FBE8EEE922B5225C004177C1 /* my-mac-os */;
			targetProxy = FBE8EEFD22B5225D004177C1 /* PBXContainerItemProxy */;
		};
		FBE8EF0922B5225D004177C1 /* PBXTargetDependency */ = {
			isa = PBXTargetDependency;
			target = FBE8EEE922B5225C004177C1 /* my-mac-os */;
			targetProxy = FBE8EF0822B5225D004177C1 /* PBXContainerItemProxy */;
		};
/* End PBXTargetDependency section */

/* Begin PBXVariantGroup section */
		FBE8EEF322B5225D004177C1 /* Main.storyboard */ = {
			isa = PBXVariantGroup;
			children = (
				FBE8EEF422B5225D004177C1 /* Base */,
			);
			name = Main.storyboard;
			sourceTree = "<group>";
		};
/* End PBXVariantGroup section */

/* Begin XCBuildConfiguration section */
		FBE8EF0E22B5225E004177C1 /* Debug */ = {
			isa = XCBuildConfiguration;
			buildSettings = {
				ALWAYS_SEARCH_USER_PATHS = NO;
				CLANG_ANALYZER_NONNULL = YES;
				CLANG_ANALYZER_NUMBER_OBJECT_CONVERSION = YES_AGGRESSIVE;
				CLANG_CXX_LANGUAGE_STANDARD = "gnu++14";
				CLANG_CXX_LIBRARY = "libc++";
				CLANG_ENABLE_MODULES = YES;
				CLANG_ENABLE_OBJC_ARC = YES;
				CLANG_ENABLE_OBJC_WEAK = YES;
				CLANG_WARN_BLOCK_CAPTURE_AUTORELEASING = YES;
				CLANG_WARN_BOOL_CONVERSION = YES;
				CLANG_WARN_COMMA = YES;
				CLANG_WARN_CONSTANT_CONVERSION = YES;
				CLANG_WARN_DEPRECATED_OBJC_IMPLEMENTATIONS = YES;
				CLANG_WARN_DIRECT_OBJC_ISA_USAGE = YES_ERROR;
				CLANG_WARN_DOCUMENTATION_COMMENTS = YES;
				CLANG_WARN_EMPTY_BODY = YES;
				CLANG_WARN_ENUM_CONVERSION = YES;
				CLANG_WARN_INFINITE_RECURSION = YES;
				CLANG_WARN_INT_CONVERSION = YES;
				CLANG_WARN_NON_LITERAL_NULL_CONVERSION = YES;
				CLANG_WARN_OBJC_IMPLICIT_RETAIN_SELF = YES;
				CLANG_WARN_OBJC_LITERAL_CONVERSION = YES;
				CLANG_WARN_OBJC_ROOT_CLASS = YES_ERROR;
				CLANG_WARN_RANGE_LOOP_ANALYSIS = YES;
				CLANG_WARN_STRICT_PROTOTYPES = YES;
				CLANG_WARN_SUSPICIOUS_MOVE = YES;
				CLANG_WARN_UNGUARDED_AVAILABILITY = YES_AGGRESSIVE;
				CLANG_WARN_UNREACHABLE_CODE = YES;
				CLANG_WARN__DUPLICATE_METHOD_MATCH = YES;
				CODE_SIGN_IDENTITY = "-";
				COPY_PHASE_STRIP = NO;
				DEBUG_INFORMATION_FORMAT = dwarf;
				ENABLE_STRICT_OBJC_MSGSEND = YES;
				ENABLE_TESTABILITY = YES;
				GCC_C_LANGUAGE_STANDARD = gnu11;
				GCC_DYNAMIC_NO_PIC = NO;
				GCC_NO_COMMON_BLOCKS = YES;
				GCC_OPTIMIZATION_LEVEL = 0;
				GCC_PREPROCESSOR_DEFINITIONS = (
					"DEBUG=1",
					"$(inherited)",
				);
				GCC_WARN_64_TO_32_BIT_CONVERSION = YES;
				GCC_WARN_ABOUT_RETURN_TYPE = YES_ERROR;
				GCC_WARN_UNDECLARED_SELECTOR = YES;
				GCC_WARN_UNINITIALIZED_AUTOS = YES_AGGRESSIVE;
				GCC_WARN_UNUSED_FUNCTION = YES;
				GCC_WARN_UNUSED_VARIABLE = YES;
				MACOSX_DEPLOYMENT_TARGET = 10.13;
				MTL_ENABLE_DEBUG_INFO = YES;
				ONLY_ACTIVE_ARCH = YES;
				SDKROOT = macosx;
				SWIFT_ACTIVE_COMPILATION_CONDITIONS = DEBUG;
				SWIFT_OPTIMIZATION_LEVEL = "-Onone";
			};
			name = Debug;
		};
		FBE8EF0F22B5225E004177C1 /* Release */ = {
			isa = XCBuildConfiguration;
			buildSettings = {
				ALWAYS_SEARCH_USER_PATHS = NO;
				CLANG_ANALYZER_NONNULL = YES;
				CLANG_ANALYZER_NUMBER_OBJECT_CONVERSION = YES_AGGRESSIVE;
				CLANG_CXX_LANGUAGE_STANDARD = "gnu++14";
				CLANG_CXX_LIBRARY = "libc++";
				CLANG_ENABLE_MODULES = YES;
				CLANG_ENABLE_OBJC_ARC = YES;
				CLANG_ENABLE_OBJC_WEAK = YES;
				CLANG_WARN_BLOCK_CAPTURE_AUTORELEASING = YES;
				CLANG_WARN_BOOL_CONVERSION = YES;
				CLANG_WARN_COMMA = YES;
				CLANG_WARN_CONSTANT_CONVERSION = YES;
				CLANG_WARN_DEPRECATED_OBJC_IMPLEMENTATIONS = YES;
				CLANG_WARN_DIRECT_OBJC_ISA_USAGE = YES_ERROR;
				CLANG_WARN_DOCUMENTATION_COMMENTS = YES;
				CLANG_WARN_EMPTY_BODY = YES;
				CLANG_WARN_ENUM_CONVERSION = YES;
				CLANG_WARN_INFINITE_RECURSION = YES;
				CLANG_WARN_INT_CONVERSION = YES;
				CLANG_WARN_NON_LITERAL_NULL_CONVERSION = YES;
				CLANG_WARN_OBJC_IMPLICIT_RETAIN_SELF = YES;
				CLANG_WARN_OBJC_LITERAL_CONVERSION = YES;
				CLANG_WARN_OBJC_ROOT_CLASS = YES_ERROR;
				CLANG_WARN_RANGE_LOOP_ANALYSIS = YES;
				CLANG_WARN_STRICT_PROTOTYPES = YES;
				CLANG_WARN_SUSPICIOUS_MOVE = YES;
				CLANG_WARN_UNGUARDED_AVAILABILITY = YES_AGGRESSIVE;
				CLANG_WARN_UNREACHABLE_CODE = YES;
				CLANG_WARN__DUPLICATE_METHOD_MATCH = YES;
				CODE_SIGN_IDENTITY = "-";
				COPY_PHASE_STRIP = NO;
				DEBUG_INFORMATION_FORMAT = "dwarf-with-dsym";
				ENABLE_NS_ASSERTIONS = NO;
				ENABLE_STRICT_OBJC_MSGSEND = YES;
				GCC_C_LANGUAGE_STANDARD = gnu11;
				GCC_NO_COMMON_BLOCKS = YES;
				GCC_WARN_64_TO_32_BIT_CONVERSION = YES;
				GCC_WARN_ABOUT_RETURN_TYPE = YES_ERROR;
				GCC_WARN_UNDECLARED_SELECTOR = YES;
				GCC_WARN_UNINITIALIZED_AUTOS = YES_AGGRESSIVE;
				GCC_WARN_UNUSED_FUNCTION = YES;
				GCC_WARN_UNUSED_VARIABLE = YES;
				MACOSX_DEPLOYMENT_TARGET = 10.13;
				MTL_ENABLE_DEBUG_INFO = NO;
				SDKROOT = macosx;
				SWIFT_COMPILATION_MODE = wholemodule;
				SWIFT_OPTIMIZATION_LEVEL = "-O";
			};
			name = Release;
		};
		FBE8EF1122B5225E004177C1 /* Debug */ = {
			isa = XCBuildConfiguration;
			buildSettings = {
				ASSETCATALOG_COMPILER_APPICON_NAME = AppIcon;
				CODE_SIGN_ENTITLEMENTS = "my-mac-os/my_mac_os.entitlements";
				CODE_SIGN_STYLE = Automatic;
				COMBINE_HIDPI_IMAGES = YES;
				INFOPLIST_FILE = "my-mac-os/Info.plist";
				LD_RUNPATH_SEARCH_PATHS = (
					"$(inherited)",
					"@executable_path/../Frameworks",
				);
				PRODUCT_BUNDLE_IDENTIFIER = "org.my-mac-os";
				PRODUCT_NAME = "$(TARGET_NAME)";
				SWIFT_VERSION = 4.0;
			};
			name = Debug;
		};
		FBE8EF1222B5225E004177C1 /* Release */ = {
			isa = XCBuildConfiguration;
			buildSettings = {
				ASSETCATALOG_COMPILER_APPICON_NAME = AppIcon;
				CODE_SIGN_ENTITLEMENTS = "my-mac-os/my_mac_os.entitlements";
				CODE_SIGN_STYLE = Automatic;
				COMBINE_HIDPI_IMAGES = YES;
				INFOPLIST_FILE = "my-mac-os/Info.plist";
				LD_RUNPATH_SEARCH_PATHS = (
					"$(inherited)",
					"@executable_path/../Frameworks",
				);
				PRODUCT_BUNDLE_IDENTIFIER = "org.my-mac-os";
				PRODUCT_NAME = "$(TARGET_NAME)";
				SWIFT_VERSION = 4.0;
			};
			name = Release;
		};
		FBE8EF1422B5225E004177C1 /* Debug */ = {
			isa = XCBuildConfiguration;
			buildSettings = {
				ALWAYS_EMBED_SWIFT_STANDARD_LIBRARIES = YES;
				BUNDLE_LOADER = "$(TEST_HOST)";
				CODE_SIGN_STYLE = Automatic;
				COMBINE_HIDPI_IMAGES = YES;
				INFOPLIST_FILE = "my-mac-osTests/Info.plist";
				LD_RUNPATH_SEARCH_PATHS = (
					"$(inherited)",
					"@executable_path/../Frameworks",
					"@loader_path/../Frameworks",
				);
				PRODUCT_BUNDLE_IDENTIFIER = "org.my-mac-osTests";
				PRODUCT_NAME = "$(TARGET_NAME)";
				SWIFT_VERSION = 4.0;
				TEST_HOST = "$(BUILT_PRODUCTS_DIR)/my-mac-os.app/Contents/MacOS/my-mac-os";
			};
			name = Debug;
		};
		FBE8EF1522B5225E004177C1 /* Release */ = {
			isa = XCBuildConfiguration;
			buildSettings = {
				ALWAYS_EMBED_SWIFT_STANDARD_LIBRARIES = YES;
				BUNDLE_LOADER = "$(TEST_HOST)";
				CODE_SIGN_STYLE = Automatic;
				COMBINE_HIDPI_IMAGES = YES;
				INFOPLIST_FILE = "my-mac-osTests/Info.plist";
				LD_RUNPATH_SEARCH_PATHS = (
					"$(inherited)",
					"@executable_path/../Frameworks",
					"@loader_path/../Frameworks",
				);
				PRODUCT_BUNDLE_IDENTIFIER = "org.my-mac-osTests";
				PRODUCT_NAME = "$(TARGET_NAME)";
				SWIFT_VERSION = 4.0;
				TEST_HOST = "$(BUILT_PRODUCTS_DIR)/my-mac-os.app/Contents/MacOS/my-mac-os";
			};
			name = Release;
		};
		FBE8EF1722B5225E004177C1 /* Debug */ = {
			isa = XCBuildConfiguration;
			buildSettings = {
				ALWAYS_EMBED_SWIFT_STANDARD_LIBRARIES = YES;
				CODE_SIGN_STYLE = Automatic;
				COMBINE_HIDPI_IMAGES = YES;
				INFOPLIST_FILE = "my-mac-osUITests/Info.plist";
				LD_RUNPATH_SEARCH_PATHS = (
					"$(inherited)",
					"@executable_path/../Frameworks",
					"@loader_path/../Frameworks",
				);
				PRODUCT_BUNDLE_IDENTIFIER = "org.my-mac-osUITests";
				PRODUCT_NAME = "$(TARGET_NAME)";
				SWIFT_VERSION = 4.0;
				TEST_TARGET_NAME = "my-mac-os";
			};
			name = Debug;
		};
		FBE8EF1822B5225E004177C1 /* Release */ = {
			isa = XCBuildConfiguration;
			buildSettings = {
				ALWAYS_EMBED_SWIFT_STANDARD_LIBRARIES = YES;
				CODE_SIGN_STYLE = Automatic;
				COMBINE_HIDPI_IMAGES = YES;
				INFOPLIST_FILE = "my-mac-osUITests/Info.plist";
				LD_RUNPATH_SEARCH_PATHS = (
					"$(inherited)",
					"@executable_path/../Frameworks",
					"@loader_path/../Frameworks",
				);
				PRODUCT_BUNDLE_IDENTIFIER = "org.my-mac-osUITests";
				PRODUCT_NAME = "$(TARGET_NAME)";
				SWIFT_VERSION = 4.0;
				TEST_TARGET_NAME = "my-mac-os";
			};
			name = Release;
		};
/* End XCBuildConfiguration section */

/* Begin XCConfigurationList section */
		FBE8EEE522B5225C004177C1 /* Build configuration list for PBXProject "my-mac-os" */ = {
			isa = XCConfigurationList;
			buildConfigurations = (
				FBE8EF0E22B5225E004177C1 /* Debug */,
				FBE8EF0F22B5225E004177C1 /* Release */,
			);
			defaultConfigurationIsVisible = 0;
			defaultConfigurationName = Release;
		};
		FBE8EF1022B5225E004177C1 /* Build configuration list for PBXNativeTarget "my-mac-os" */ = {
			isa = XCConfigurationList;
			buildConfigurations = (
				FBE8EF1122B5225E004177C1 /* Debug */,
				FBE8EF1222B5225E004177C1 /* Release */,
			);
			defaultConfigurationIsVisible = 0;
			defaultConfigurationName = Release;
		};
		FBE8EF1322B5225E004177C1 /* Build configuration list for PBXNativeTarget "my-mac-osTests" */ = {
			isa = XCConfigurationList;
			buildConfigurations = (
				FBE8EF1422B5225E004177C1 /* Debug */,
				FBE8EF1522B5225E004177C1 /* Release */,
			);
			defaultConfigurationIsVisible = 0;
			defaultConfigurationName = Release;
		};
		FBE8EF1622B5225E004177C1 /* Build configuration list for PBXNativeTarget "my-mac-osUITests" */ = {
			isa = XCConfigurationList;
			buildConfigurations = (
				FBE8EF1722B5225E004177C1 /* Debug */,
				FBE8EF1822B5225E004177C1 /* Release */,
			);
			defaultConfigurationIsVisible = 0;
			defaultConfigurationName = Release;
		};
/* End XCConfigurationList section */
	};
	rootObject = FBE8EEE222B5225C004177C1 /* Project object */;
}
